
Microsoft Visual Studio Solution File, Format Version 12.00
# Visual Studio Version 17
VisualStudioVersion = 17.4.33122.133
MinimumVisualStudioVersion = 10.0.40219.1
Project("{FAE04EC0-301F-11D3-BF4B-00C04F79EFBC}") = "School", "School\School.csproj", "{4791E249-7FB2-4C46-AC88-8E1EBDCBD83F}"
EndProject
Global
	GlobalSection(SolutionConfigurationPlatforms) = preSolution
		Debug|Any CPU = Debug|Any CPU
		Release|Any CPU = Release|Any CPU
	EndGlobalSection
	GlobalSection(ProjectConfigurationPlatforms) = postSolution
		{4791E249-7FB2-4C46-AC88-8E1EBDCBD83F}.Debug|Any CPU.ActiveCfg = Debug|Any CPU
		{4791E249-7FB2-4C46-AC88-8E1EBDCBD83F}.Debug|Any CPU.Build.0 = Debug|Any CPU
		{4791E249-7FB2-4C46-AC88-8E1EBDCBD83F}.Release|Any CPU.ActiveCfg = Release|Any CPU
		{4791E249-7FB2-4C46-AC88-8E1EBDCBD83F}.Release|Any CPU.Build.0 = Release|Any CPU
	EndGlobalSection
	GlobalSection(SolutionProperties) = preSolution
		HideSolutionNode = FALSE
	EndGlobalSection
	GlobalSection(ExtensibilityGlobals) = postSolution
		SolutionGuid = {3F751C34-994A-471F-AFA7-3B3BEE203E13}
	EndGlobalSection
EndGlobal
